// !$*UTF8*$!
{
	archiveVersion = 1;
	classes = {
	};
	objectVersion = 77;
	objects = {

/* Begin PBXBuildFile section */
		A1AA000D2F70000000000001 /* PrereadWatchWidget.appex in Embed App Extensions */ = {isa = PBXBuildFile; fileRef = B1BB00042F70000000000001 /* PrereadWatchWidget.appex */; settings = {ATTRIBUTES = (RemoveHeadersOnCopy, ); }; };
		B1BB000C2F70000000000001 /* WidgetKit.framework in Frameworks */ = {isa = PBXBuildFile; fileRef = C5609DBD2F6100AA002BCE25 /* WidgetKit.framework */; };
		B1BB000D2F70000000000001 /* SwiftUI.framework in Frameworks */ = {isa = PBXBuildFile; fileRef = C5609DBF2F6100AA002BCE25 /* SwiftUI.framework */; };
		C100CC032F70000000000001 /* PrereadWatch.app in Embed Watch Content */ = {isa = PBXBuildFile; fileRef = A1AA00042F70000000000001 /* PrereadWatch.app */; settings = {ATTRIBUTES = (RemoveHeadersOnCopy, ); }; };
		C50BA2D02F5F951900596161 /* PrereadShareExtension.appex in Embed Foundation Extensions */ = {isa = PBXBuildFile; fileRef = C50BA2C62F5F951900596161 /* PrereadShareExtension.appex */; settings = {ATTRIBUTES = (RemoveHeadersOnCopy, ); }; };
		C5609DBE2F6100AA002BCE25 /* WidgetKit.framework in Frameworks */ = {isa = PBXBuildFile; fileRef = C5609DBD2F6100AA002BCE25 /* WidgetKit.framework */; };
		C5609DC02F6100AA002BCE25 /* SwiftUI.framework in Frameworks */ = {isa = PBXBuildFile; fileRef = C5609DBF2F6100AA002BCE25 /* SwiftUI.framework */; };
		C5609DD12F6100AB002BCE25 /* PrereadWidgetExtension.appex in Embed Foundation Extensions */ = {isa = PBXBuildFile; fileRef = C5609DBB2F6100AA002BCE25 /* PrereadWidgetExtension.appex */; settings = {ATTRIBUTES = (RemoveHeadersOnCopy, ); }; };
		C5609DD82F610190002BCE25 /* GRDB in Frameworks */ = {isa = PBXBuildFile; productRef = C5609DD72F610190002BCE25 /* GRDB */; };
		C5D4299B2F5B25F100B969F8 /* SwiftSoup in Frameworks */ = {isa = PBXBuildFile; productRef = C57375232F5B0A0000D2C20D /* SwiftSoup */; };
		C5D4299C2F5B25F100B969F8 /* GRDB in Frameworks */ = {isa = PBXBuildFile; productRef = C57375242F5B0A0000D2C20D /* GRDB */; };
		C5D4299D2F5B25F100B969F8 /* SwiftReadability in Frameworks */ = {isa = PBXBuildFile; productRef = C57375252F5B0A0000D2C20D /* SwiftReadability */; };
/* End PBXBuildFile section */

/* Begin PBXContainerItemProxy section */
		A1AA000B2F70000000000001 /* PBXContainerItemProxy */ = {
			isa = PBXContainerItemProxy;
			containerPortal = C57374EF2F5B093E00D2C20D /* Project object */;
			proxyType = 1;
			remoteGlobalIDString = B1BB00052F70000000000001;
			remoteInfo = PrereadWatchWidget;
		};
		C100CC012F70000000000001 /* PBXContainerItemProxy */ = {
			isa = PBXContainerItemProxy;
			containerPortal = C57374EF2F5B093E00D2C20D /* Project object */;
			proxyType = 1;
			remoteGlobalIDString = A1AA00052F70000000000001;
			remoteInfo = PrereadWatch;
		};
		C50BA2CE2F5F951900596161 /* PBXContainerItemProxy */ = {
			isa = PBXContainerItemProxy;
			containerPortal = C57374EF2F5B093E00D2C20D /* Project object */;
			proxyType = 1;
			remoteGlobalIDString = C50BA2C52F5F951900596161;
			remoteInfo = PrereadShareExtension;
		};
		C5609DCF2F6100AB002BCE25 /* PBXContainerItemProxy */ = {
			isa = PBXContainerItemProxy;
			containerPortal = C57374EF2F5B093E00D2C20D /* Project object */;
			proxyType = 1;
			remoteGlobalIDString = C5609DBA2F6100AA002BCE25;
			remoteInfo = PrereadWidgetExtension;
		};
		C57375052F5B093F00D2C20D /* PBXContainerItemProxy */ = {
			isa = PBXContainerItemProxy;
			containerPortal = C57374EF2F5B093E00D2C20D /* Project object */;
			proxyType = 1;
			remoteGlobalIDString = C57374F62F5B093E00D2C20D;
			remoteInfo = Preread;
		};
		C573750F2F5B093F00D2C20D /* PBXContainerItemProxy */ = {
			isa = PBXContainerItemProxy;
			containerPortal = C57374EF2F5B093E00D2C20D /* Project object */;
			proxyType = 1;
			remoteGlobalIDString = C57374F62F5B093E00D2C20D;
			remoteInfo = Preread;
		};
/* End PBXContainerItemProxy section */

/* Begin PBXCopyFilesBuildPhase section */
		A1AA000A2F70000000000001 /* Embed App Extensions */ = {
			isa = PBXCopyFilesBuildPhase;
			buildActionMask = 2147483647;
			dstPath = "";
			dstSubfolderSpec = 13;
			files = (
				A1AA000D2F70000000000001 /* PrereadWatchWidget.appex in Embed App Extensions */,
			);
			name = "Embed App Extensions";
			runOnlyForDeploymentPostprocessing = 0;
		};
		C100CC042F70000000000001 /* Embed Watch Content */ = {
			isa = PBXCopyFilesBuildPhase;
			buildActionMask = 2147483647;
			dstPath = "$(CONTENTS_FOLDER_PATH)/Watch";
			dstSubfolderSpec = 16;
			files = (
				C100CC032F70000000000001 /* PrereadWatch.app in Embed Watch Content */,
			);
			name = "Embed Watch Content";
			runOnlyForDeploymentPostprocessing = 0;
		};
		C50BA2D12F5F951900596161 /* Embed Foundation Extensions */ = {
			isa = PBXCopyFilesBuildPhase;
			buildActionMask = 2147483647;
			dstPath = "";
			dstSubfolderSpec = 13;
			files = (
				C5609DD12F6100AB002BCE25 /* PrereadWidgetExtension.appex in Embed Foundation Extensions */,
				C50BA2D02F5F951900596161 /* PrereadShareExtension.appex in Embed Foundation Extensions */,
			);
			name = "Embed Foundation Extensions";
			runOnlyForDeploymentPostprocessing = 0;
		};
/* End PBXCopyFilesBuildPhase section */

/* Begin PBXFileReference section */
		A1AA00042F70000000000001 /* PrereadWatch.app */ = {isa = PBXFileReference; explicitFileType = wrapper.application; includeInIndex = 0; path = PrereadWatch.app; sourceTree = BUILT_PRODUCTS_DIR; };
		B1BB00042F70000000000001 /* PrereadWatchWidget.appex */ = {isa = PBXFileReference; explicitFileType = "wrapper.app-extension"; includeInIndex = 0; path = PrereadWatchWidget.appex; sourceTree = BUILT_PRODUCTS_DIR; };
		C50BA2C62F5F951900596161 /* PrereadShareExtension.appex */ = {isa = PBXFileReference; explicitFileType = "wrapper.app-extension"; includeInIndex = 0; path = PrereadShareExtension.appex; sourceTree = BUILT_PRODUCTS_DIR; };
		C5609DBB2F6100AA002BCE25 /* PrereadWidgetExtension.appex */ = {isa = PBXFileReference; explicitFileType = "wrapper.app-extension"; includeInIndex = 0; path = PrereadWidgetExtension.appex; sourceTree = BUILT_PRODUCTS_DIR; };
		C5609DBD2F6100AA002BCE25 /* WidgetKit.framework */ = {isa = PBXFileReference; lastKnownFileType = wrapper.framework; name = WidgetKit.framework; path = System/Library/Frameworks/WidgetKit.framework; sourceTree = SDKROOT; };
		C5609DBF2F6100AA002BCE25 /* SwiftUI.framework */ = {isa = PBXFileReference; lastKnownFileType = wrapper.framework; name = SwiftUI.framework; path = System/Library/Frameworks/SwiftUI.framework; sourceTree = SDKROOT; };
		C5609DD62F6100CA002BCE25 /* PrereadWidgetExtension.entitlements */ = {isa = PBXFileReference; lastKnownFileType = text.plist.entitlements; path = PrereadWidgetExtension.entitlements; sourceTree = "<group>"; };
		C57374F72F5B093E00D2C20D /* Preread.app */ = {isa = PBXFileReference; explicitFileType = wrapper.application; includeInIndex = 0; path = Preread.app; sourceTree = BUILT_PRODUCTS_DIR; };
		C57375042F5B093F00D2C20D /* PrereadTests.xctest */ = {isa = PBXFileReference; explicitFileType = wrapper.cfbundle; includeInIndex = 0; path = PrereadTests.xctest; sourceTree = BUILT_PRODUCTS_DIR; };
		C573750E2F5B093F00D2C20D /* PrereadUITests.xctest */ = {isa = PBXFileReference; explicitFileType = wrapper.cfbundle; includeInIndex = 0; path = PrereadUITests.xctest; sourceTree = BUILT_PRODUCTS_DIR; };
/* End PBXFileReference section */

/* Begin PBXFileSystemSynchronizedBuildFileExceptionSet section */
		A1AA000E2F70000000000001 /* Exceptions for "Preread" folder in "PrereadWatch" target */ = {
			isa = PBXFileSystemSynchronizedBuildFileExceptionSet;
			membershipExceptions = (
				Models/WatchArticle.swift,
				Utilities/RelativeTimeFormatter.swift,
			);
			target = A1AA00052F70000000000001 /* PrereadWatch */;
		};
		B1BB000A2F70000000000001 /* Exceptions for "Preread" folder in "PrereadWatchWidget" target */ = {
			isa = PBXFileSystemSynchronizedBuildFileExceptionSet;
			membershipExceptions = (
				Models/WatchArticle.swift,
				Utilities/RelativeTimeFormatter.swift,
			);
			target = B1BB00052F70000000000001 /* PrereadWatchWidget */;
		};
		B1BB000B2F70000000000001 /* Exceptions for "PrereadWatch" folder in "PrereadWatchWidget" target */ = {
			isa = PBXFileSystemSynchronizedBuildFileExceptionSet;
			membershipExceptions = (
				WatchDataStore.swift,
			);
			target = B1BB00052F70000000000001 /* PrereadWatchWidget */;
		};
		B1BB000E2F70000000000001 /* Exceptions for "PrereadWatchWidget" folder in "PrereadWatchWidget" target */ = {
			isa = PBXFileSystemSynchronizedBuildFileExceptionSet;
			membershipExceptions = (
				Info.plist,
			);
			target = B1BB00052F70000000000001 /* PrereadWatchWidget */;
		};
		C50BA2D42F5F951900596161 /* Exceptions for "PrereadShareExtension" folder in "PrereadShareExtension" target */ = {
			isa = PBXFileSystemSynchronizedBuildFileExceptionSet;
			membershipExceptions = (
				Info.plist,
			);
			target = C50BA2C52F5F951900596161 /* PrereadShareExtension */;
		};
		C5609DD22F6100AB002BCE25 /* Exceptions for "PrereadWidget" folder in "PrereadWidgetExtension" target */ = {
			isa = PBXFileSystemSynchronizedBuildFileExceptionSet;
			membershipExceptions = (
				Info.plist,
			);
			target = C5609DBA2F6100AA002BCE25 /* PrereadWidgetExtension */;
		};
		C5609DEA2F6103E8002BCE25 /* Exceptions for "Preread" folder in "PrereadWidgetExtension" target */ = {
			isa = PBXFileSystemSynchronizedBuildFileExceptionSet;
			membershipExceptions = (
				Models/Article.swift,
				Models/CachedPage.swift,
				Models/DiscoverFeed.swift,
				Models/ReaderSelection.swift,
				Models/Source.swift,
				Models/WatchArticle.swift,
				Services/ContainerPaths.swift,
				Utilities/RelativeTimeFormatter.swift,
			);
			target = C5609DBA2F6100AA002BCE25 /* PrereadWidgetExtension */;
		};
/* End PBXFileSystemSynchronizedBuildFileExceptionSet section */

/* Begin PBXFileSystemSynchronizedRootGroup section */
		A1AA00092F70000000000001 /* PrereadWatch */ = {
			isa = PBXFileSystemSynchronizedRootGroup;
			exceptions = (
				B1BB000B2F70000000000001 /* Exceptions for "PrereadWatch" folder in "PrereadWatchWidget" target */,
			);
			path = PrereadWatch;
			sourceTree = "<group>";
		};
		B1BB00092F70000000000001 /* PrereadWatchWidget */ = {
			isa = PBXFileSystemSynchronizedRootGroup;
			exceptions = (
				B1BB000E2F70000000000001 /* Exceptions for "PrereadWatchWidget" folder in "PrereadWatchWidget" target */,
			);
			path = PrereadWatchWidget;
			sourceTree = "<group>";
		};
		C50BA2C72F5F951900596161 /* PrereadShareExtension */ = {
			isa = PBXFileSystemSynchronizedRootGroup;
			exceptions = (
				C50BA2D42F5F951900596161 /* Exceptions for "PrereadShareExtension" folder in "PrereadShareExtension" target */,
			);
			path = PrereadShareExtension;
			sourceTree = "<group>";
		};
		C5609DC12F6100AA002BCE25 /* PrereadWidget */ = {
			isa = PBXFileSystemSynchronizedRootGroup;
			exceptions = (
				C5609DD22F6100AB002BCE25 /* Exceptions for "PrereadWidget" folder in "PrereadWidgetExtension" target */,
			);
			path = PrereadWidget;
			sourceTree = "<group>";
		};
		C57374F92F5B093E00D2C20D /* Preread */ = {
			isa = PBXFileSystemSynchronizedRootGroup;
			exceptions = (
				C5609DEA2F6103E8002BCE25 /* Exceptions for "Preread" folder in "PrereadWidgetExtension" target */,
				A1AA000E2F70000000000001 /* Exceptions for "Preread" folder in "PrereadWatch" target */,
				B1BB000A2F70000000000001 /* Exceptions for "Preread" folder in "PrereadWatchWidget" target */,
			);
			path = Preread;
			sourceTree = "<group>";
		};
		C57375072F5B093F00D2C20D /* PrereadTests */ = {
			isa = PBXFileSystemSynchronizedRootGroup;
			path = PrereadTests;
			sourceTree = "<group>";
		};
		C57375112F5B093F00D2C20D /* PrereadUITests */ = {
			isa = PBXFileSystemSynchronizedRootGroup;
			path = PrereadUITests;
			sourceTree = "<group>";
		};
/* End PBXFileSystemSynchronizedRootGroup section */

/* Begin PBXFrameworksBuildPhase section */
		A1AA00022F70000000000001 /* Frameworks */ = {
			isa = PBXFrameworksBuildPhase;
			buildActionMask = 2147483647;
			files = (
			);
			runOnlyForDeploymentPostprocessing = 0;
		};
		B1BB00022F70000000000001 /* Frameworks */ = {
			isa = PBXFrameworksBuildPhase;
			buildActionMask = 2147483647;
			files = (
				B1BB000D2F70000000000001 /* SwiftUI.framework in Frameworks */,
				B1BB000C2F70000000000001 /* WidgetKit.framework in Frameworks */,
			);
			runOnlyForDeploymentPostprocessing = 0;
		};
		C50BA2C32F5F951900596161 /* Frameworks */ = {
			isa = PBXFrameworksBuildPhase;
			buildActionMask = 2147483647;
			files = (
			);
			runOnlyForDeploymentPostprocessing = 0;
		};
		C5609DB82F6100AA002BCE25 /* Frameworks */ = {
			isa = PBXFrameworksBuildPhase;
			buildActionMask = 2147483647;
			files = (
				C5609DD82F610190002BCE25 /* GRDB in Frameworks */,
				C5609DC02F6100AA002BCE25 /* SwiftUI.framework in Frameworks */,
				C5609DBE2F6100AA002BCE25 /* WidgetKit.framework in Frameworks */,
			);
			runOnlyForDeploymentPostprocessing = 0;
		};
		C57374F42F5B093E00D2C20D /* Frameworks */ = {
			isa = PBXFrameworksBuildPhase;
			buildActionMask = 2147483647;
			files = (
				C5D4299C2F5B25F100B969F8 /* GRDB in Frameworks */,
				C5D4299B2F5B25F100B969F8 /* SwiftSoup in Frameworks */,
				C5D4299D2F5B25F100B969F8 /* SwiftReadability in Frameworks */,
			);
			runOnlyForDeploymentPostprocessing = 0;
		};
		C57375012F5B093F00D2C20D /* Frameworks */ = {
			isa = PBXFrameworksBuildPhase;
			buildActionMask = 2147483647;
			files = (
			);
			runOnlyForDeploymentPostprocessing = 0;
		};
		C573750B2F5B093F00D2C20D /* Frameworks */ = {
			isa = PBXFrameworksBuildPhase;
			buildActionMask = 2147483647;
			files = (
			);
			runOnlyForDeploymentPostprocessing = 0;
		};
/* End PBXFrameworksBuildPhase section */

/* Begin PBXGroup section */
		C5609DBC2F6100AA002BCE25 /* Frameworks */ = {
			isa = PBXGroup;
			children = (
				C5609DBD2F6100AA002BCE25 /* WidgetKit.framework */,
				C5609DBF2F6100AA002BCE25 /* SwiftUI.framework */,
			);
			name = Frameworks;
			sourceTree = "<group>";
		};
		C57374EE2F5B093E00D2C20D = {
			isa = PBXGroup;
			children = (
				C5609DD62F6100CA002BCE25 /* PrereadWidgetExtension.entitlements */,
				C57374F92F5B093E00D2C20D /* Preread */,
				C57375072F5B093F00D2C20D /* PrereadTests */,
				C57375112F5B093F00D2C20D /* PrereadUITests */,
				C50BA2C72F5F951900596161 /* PrereadShareExtension */,
				C5609DC12F6100AA002BCE25 /* PrereadWidget */,
				A1AA00092F70000000000001 /* PrereadWatch */,
				B1BB00092F70000000000001 /* PrereadWatchWidget */,
				C5609DBC2F6100AA002BCE25 /* Frameworks */,
				C57374F82F5B093E00D2C20D /* Products */,
			);
			sourceTree = "<group>";
		};
		C57374F82F5B093E00D2C20D /* Products */ = {
			isa = PBXGroup;
			children = (
				C57374F72F5B093E00D2C20D /* Preread.app */,
				C57375042F5B093F00D2C20D /* PrereadTests.xctest */,
				C573750E2F5B093F00D2C20D /* PrereadUITests.xctest */,
				C50BA2C62F5F951900596161 /* PrereadShareExtension.appex */,
				C5609DBB2F6100AA002BCE25 /* PrereadWidgetExtension.appex */,
				A1AA00042F70000000000001 /* PrereadWatch.app */,
				B1BB00042F70000000000001 /* PrereadWatchWidget.appex */,
			);
			name = Products;
			sourceTree = "<group>";
		};
/* End PBXGroup section */

/* Begin PBXNativeTarget section */
		A1AA00052F70000000000001 /* PrereadWatch */ = {
			isa = PBXNativeTarget;
			buildConfigurationList = A1AA00082F70000000000001 /* Build configuration list for PBXNativeTarget "PrereadWatch" */;
			buildPhases = (
				A1AA00012F70000000000001 /* Sources */,
				A1AA00022F70000000000001 /* Frameworks */,
				A1AA00032F70000000000001 /* Resources */,
				A1AA000A2F70000000000001 /* Embed App Extensions */,
			);
			buildRules = (
			);
			dependencies = (
				A1AA000C2F70000000000001 /* PBXTargetDependency */,
			);
			fileSystemSynchronizedGroups = (
				A1AA00092F70000000000001 /* PrereadWatch */,
			);
			name = PrereadWatch;
			packageProductDependencies = (
			);
			productName = PrereadWatch;
			productReference = A1AA00042F70000000000001 /* PrereadWatch.app */;
			productType = "com.apple.product-type.application";
		};
		B1BB00052F70000000000001 /* PrereadWatchWidget */ = {
			isa = PBXNativeTarget;
			buildConfigurationList = B1BB00082F70000000000001 /* Build configuration list for PBXNativeTarget "PrereadWatchWidget" */;
			buildPhases = (
				B1BB00012F70000000000001 /* Sources */,
				B1BB00022F70000000000001 /* Frameworks */,
				B1BB00032F70000000000001 /* Resources */,
			);
			buildRules = (
			);
			dependencies = (
			);
			fileSystemSynchronizedGroups = (
				B1BB00092F70000000000001 /* PrereadWatchWidget */,
			);
			name = PrereadWatchWidget;
			packageProductDependencies = (
			);
			productName = PrereadWatchWidget;
			productReference = B1BB00042F70000000000001 /* PrereadWatchWidget.appex */;
			productType = "com.apple.product-type.app-extension";
		};
		C50BA2C52F5F951900596161 /* PrereadShareExtension */ = {
			isa = PBXNativeTarget;
			buildConfigurationList = C50BA2D52F5F951900596161 /* Build configuration list for PBXNativeTarget "PrereadShareExtension" */;
			buildPhases = (
				C50BA2C22F5F951900596161 /* Sources */,
				C50BA2C32F5F951900596161 /* Frameworks */,
				C50BA2C42F5F951900596161 /* Resources */,
			);
			buildRules = (
			);
			dependencies = (
			);
			fileSystemSynchronizedGroups = (
				C50BA2C72F5F951900596161 /* PrereadShareExtension */,
			);
			name = PrereadShareExtension;
			packageProductDependencies = (
			);
			productName = PrereadShareExtension;
			productReference = C50BA2C62F5F951900596161 /* PrereadShareExtension.appex */;
			productType = "com.apple.product-type.app-extension";
		};
		C5609DBA2F6100AA002BCE25 /* PrereadWidgetExtension */ = {
			isa = PBXNativeTarget;
			buildConfigurationList = C5609DD32F6100AB002BCE25 /* Build configuration list for PBXNativeTarget "PrereadWidgetExtension" */;
			buildPhases = (
				C5609DB72F6100AA002BCE25 /* Sources */,
				C5609DB82F6100AA002BCE25 /* Frameworks */,
				C5609DB92F6100AA002BCE25 /* Resources */,
			);
			buildRules = (
			);
			dependencies = (
			);
			fileSystemSynchronizedGroups = (
				C5609DC12F6100AA002BCE25 /* PrereadWidget */,
			);
			name = PrereadWidgetExtension;
			packageProductDependencies = (
				C5609DD72F610190002BCE25 /* GRDB */,
			);
			productName = PrereadWidgetExtension;
			productReference = C5609DBB2F6100AA002BCE25 /* PrereadWidgetExtension.appex */;
			productType = "com.apple.product-type.app-extension";
		};
		C57374F62F5B093E00D2C20D /* Preread */ = {
			isa = PBXNativeTarget;
			buildConfigurationList = C57375182F5B093F00D2C20D /* Build configuration list for PBXNativeTarget "Preread" */;
			buildPhases = (
				C57374F32F5B093E00D2C20D /* Sources */,
				C57374F42F5B093E00D2C20D /* Frameworks */,
				C57374F52F5B093E00D2C20D /* Resources */,
				C50BA2D12F5F951900596161 /* Embed Foundation Extensions */,
				C100CC042F70000000000001 /* Embed Watch Content */,
			);
			buildRules = (
			);
			dependencies = (
				C50BA2CF2F5F951900596161 /* PBXTargetDependency */,
				C5609DD02F6100AB002BCE25 /* PBXTargetDependency */,
				C100CC022F70000000000001 /* PBXTargetDependency */,
			);
			fileSystemSynchronizedGroups = (
				C57374F92F5B093E00D2C20D /* Preread */,
			);
			name = Preread;
			packageProductDependencies = (
				C57375232F5B0A0000D2C20D /* SwiftSoup */,
				C57375242F5B0A0000D2C20D /* GRDB */,
				C57375252F5B0A0000D2C20D /* SwiftReadability */,
			);
			productName = Preread;
			productReference = C57374F72F5B093E00D2C20D /* Preread.app */;
			productType = "com.apple.product-type.application";
		};
		C57375032F5B093F00D2C20D /* PrereadTests */ = {
			isa = PBXNativeTarget;
			buildConfigurationList = C573751B2F5B093F00D2C20D /* Build configuration list for PBXNativeTarget "PrereadTests" */;
			buildPhases = (
				C57375002F5B093F00D2C20D /* Sources */,
				C57375012F5B093F00D2C20D /* Frameworks */,
				C57375022F5B093F00D2C20D /* Resources */,
			);
			buildRules = (
			);
			dependencies = (
				C57375062F5B093F00D2C20D /* PBXTargetDependency */,
			);
			fileSystemSynchronizedGroups = (
				C57375072F5B093F00D2C20D /* PrereadTests */,
			);
			name = PrereadTests;
			packageProductDependencies = (
			);
			productName = PrereadTests;
			productReference = C57375042F5B093F00D2C20D /* PrereadTests.xctest */;
			productType = "com.apple.product-type.bundle.unit-test";
		};
		C573750D2F5B093F00D2C20D /* PrereadUITests */ = {
			isa = PBXNativeTarget;
			buildConfigurationList = C573751E2F5B093F00D2C20D /* Build configuration list for PBXNativeTarget "PrereadUITests" */;
			buildPhases = (
				C573750A2F5B093F00D2C20D /* Sources */,
				C573750B2F5B093F00D2C20D /* Frameworks */,
				C573750C2F5B093F00D2C20D /* Resources */,
			);
			buildRules = (
			);
			dependencies = (
				C57375102F5B093F00D2C20D /* PBXTargetDependency */,
			);
			fileSystemSynchronizedGroups = (
				C57375112F5B093F00D2C20D /* PrereadUITests */,
			);
			name = PrereadUITests;
			packageProductDependencies = (
			);
			productName = PrereadUITests;
			productReference = C573750E2F5B093F00D2C20D /* PrereadUITests.xctest */;
			productType = "com.apple.product-type.bundle.ui-testing";
		};
/* End PBXNativeTarget section */

/* Begin PBXProject section */
		C57374EF2F5B093E00D2C20D /* Project object */ = {
			isa = PBXProject;
			attributes = {
				BuildIndependentTargetsInParallel = 1;
				LastSwiftUpdateCheck = 2630;
				LastUpgradeCheck = 1630;
				TargetAttributes = {
					A1AA00052F70000000000001 = {
						CreatedOnToolsVersion = 26.3;
					};
					B1BB00052F70000000000001 = {
						CreatedOnToolsVersion = 26.3;
					};
					C50BA2C52F5F951900596161 = {
						CreatedOnToolsVersion = 26.3;
					};
					C5609DBA2F6100AA002BCE25 = {
						CreatedOnToolsVersion = 26.3;
					};
					C57374F62F5B093E00D2C20D = {
						CreatedOnToolsVersion = 16.3;
					};
					C57375032F5B093F00D2C20D = {
						CreatedOnToolsVersion = 16.3;
						TestTargetID = C57374F62F5B093E00D2C20D;
					};
					C573750D2F5B093F00D2C20D = {
						CreatedOnToolsVersion = 16.3;
						TestTargetID = C57374F62F5B093E00D2C20D;
					};
				};
			};
			buildConfigurationList = C57374F22F5B093E00D2C20D /* Build configuration list for PBXProject "Preread" */;
			developmentRegion = en;
			hasScannedForEncodings = 0;
			knownRegions = (
				en,
				Base,
			);
			mainGroup = C57374EE2F5B093E00D2C20D;
			minimizedProjectReferenceProxies = 1;
			packageReferences = (
				C57375212F5B0A0000D2C20D /* XCRemoteSwiftPackageReference "SwiftSoup" */,
				C57375222F5B0A0000D2C20D /* XCRemoteSwiftPackageReference "GRDB" */,
				C57375262F5B0A0000D2C20D /* XCRemoteSwiftPackageReference "swift-readability" */,
			);
			preferredProjectObjectVersion = 77;
			productRefGroup = C57374F82F5B093E00D2C20D /* Products */;
			projectDirPath = "";
			projectRoot = "";
			targets = (
				C57374F62F5B093E00D2C20D /* Preread */,
				C57375032F5B093F00D2C20D /* PrereadTests */,
				C573750D2F5B093F00D2C20D /* PrereadUITests */,
				C50BA2C52F5F951900596161 /* PrereadShareExtension */,
				C5609DBA2F6100AA002BCE25 /* PrereadWidgetExtension */,
				A1AA00052F70000000000001 /* PrereadWatch */,
				B1BB00052F70000000000001 /* PrereadWatchWidget */,
			);
		};
/* End PBXProject section */

/* Begin PBXResourcesBuildPhase section */
		A1AA00032F70000000000001 /* Resources */ = {
			isa = PBXResourcesBuildPhase;
			buildActionMask = 2147483647;
			files = (
			);
			runOnlyForDeploymentPostprocessing = 0;
		};
		B1BB00032F70000000000001 /* Resources */ = {
			isa = PBXResourcesBuildPhase;
			buildActionMask = 2147483647;
			files = (
			);
			runOnlyForDeploymentPostprocessing = 0;
		};
		C50BA2C42F5F951900596161 /* Resources */ = {
			isa = PBXResourcesBuildPhase;
			buildActionMask = 2147483647;
			files = (
			);
			runOnlyForDeploymentPostprocessing = 0;
		};
		C5609DB92F6100AA002BCE25 /* Resources */ = {
			isa = PBXResourcesBuildPhase;
			buildActionMask = 2147483647;
			files = (
			);
			runOnlyForDeploymentPostprocessing = 0;
		};
		C57374F52F5B093E00D2C20D /* Resources */ = {
			isa = PBXResourcesBuildPhase;
			buildActionMask = 2147483647;
			files = (
			);
			runOnlyForDeploymentPostprocessing = 0;
		};
		C57375022F5B093F00D2C20D /* Resources */ = {
			isa = PBXResourcesBuildPhase;
			buildActionMask = 2147483647;
			files = (
			);
			runOnlyForDeploymentPostprocessing = 0;
		};
		C573750C2F5B093F00D2C20D /* Resources */ = {
			isa = PBXResourcesBuildPhase;
			buildActionMask = 2147483647;
			files = (
			);
			runOnlyForDeploymentPostprocessing = 0;
		};
/* End PBXResourcesBuildPhase section */

/* Begin PBXSourcesBuildPhase section */
		A1AA00012F70000000000001 /* Sources */ = {
			isa = PBXSourcesBuildPhase;
			buildActionMask = 2147483647;
			files = (
			);
			runOnlyForDeploymentPostprocessing = 0;
		};
		B1BB00012F70000000000001 /* Sources */ = {
			isa = PBXSourcesBuildPhase;
			buildActionMask = 2147483647;
			files = (
			);
			runOnlyForDeploymentPostprocessing = 0;
		};
		C50BA2C22F5F951900596161 /* Sources */ = {
			isa = PBXSourcesBuildPhase;
			buildActionMask = 2147483647;
			files = (
			);
			runOnlyForDeploymentPostprocessing = 0;
		};
		C5609DB72F6100AA002BCE25 /* Sources */ = {
			isa = PBXSourcesBuildPhase;
			buildActionMask = 2147483647;
			files = (
			);
			runOnlyForDeploymentPostprocessing = 0;
		};
		C57374F32F5B093E00D2C20D /* Sources */ = {
			isa = PBXSourcesBuildPhase;
			buildActionMask = 2147483647;
			files = (
			);
			runOnlyForDeploymentPostprocessing = 0;
		};
		C57375002F5B093F00D2C20D /* Sources */ = {
			isa = PBXSourcesBuildPhase;
			buildActionMask = 2147483647;
			files = (
			);
			runOnlyForDeploymentPostprocessing = 0;
		};
		C573750A2F5B093F00D2C20D /* Sources */ = {
			isa = PBXSourcesBuildPhase;
			buildActionMask = 2147483647;
			files = (
			);
			runOnlyForDeploymentPostprocessing = 0;
		};
/* End PBXSourcesBuildPhase section */

/* Begin PBXTargetDependency section */
		A1AA000C2F70000000000001 /* PBXTargetDependency */ = {
			isa = PBXTargetDependency;
			target = B1BB00052F70000000000001 /* PrereadWatchWidget */;
			targetProxy = A1AA000B2F70000000000001 /* PBXContainerItemProxy */;
		};
		C100CC022F70000000000001 /* PBXTargetDependency */ = {
			isa = PBXTargetDependency;
			target = A1AA00052F70000000000001 /* PrereadWatch */;
			targetProxy = C100CC012F70000000000001 /* PBXContainerItemProxy */;
		};
		C50BA2CF2F5F951900596161 /* PBXTargetDependency */ = {
			isa = PBXTargetDependency;
			target = C50BA2C52F5F951900596161 /* PrereadShareExtension */;
			targetProxy = C50BA2CE2F5F951900596161 /* PBXContainerItemProxy */;
		};
		C5609DD02F6100AB002BCE25 /* PBXTargetDependency */ = {
			isa = PBXTargetDependency;
			target = C5609DBA2F6100AA002BCE25 /* PrereadWidgetExtension */;
			targetProxy = C5609DCF2F6100AB002BCE25 /* PBXContainerItemProxy */;
		};
		C57375062F5B093F00D2C20D /* PBXTargetDependency */ = {
			isa = PBXTargetDependency;
			target = C57374F62F5B093E00D2C20D /* Preread */;
			targetProxy = C57375052F5B093F00D2C20D /* PBXContainerItemProxy */;
		};
		C57375102F5B093F00D2C20D /* PBXTargetDependency */ = {
			isa = PBXTargetDependency;
			target = C57374F62F5B093E00D2C20D /* Preread */;
			targetProxy = C573750F2F5B093F00D2C20D /* PBXContainerItemProxy */;
		};
/* End PBXTargetDependency section */

/* Begin XCBuildConfiguration section */
		A1AA00062F70000000000001 /* Debug */ = {
			isa = XCBuildConfiguration;
			buildSettings = {
				ASSETCATALOG_COMPILER_APPICON_NAME = AppIcon;
				ASSETCATALOG_COMPILER_GLOBAL_ACCENT_COLOR_NAME = AccentColor;
				CODE_SIGN_ENTITLEMENTS = PrereadWatch/PrereadWatch.entitlements;
				CODE_SIGN_STYLE = Automatic;
				CURRENT_PROJECT_VERSION = 1;
				DEVELOPMENT_TEAM = 2SH6ZS5455;
				ENABLE_PREVIEWS = YES;
				GENERATE_INFOPLIST_FILE = YES;
				INFOPLIST_KEY_CFBundleDisplayName = Preread;
				INFOPLIST_KEY_UISupportedInterfaceOrientations = "UIInterfaceOrientationPortrait UIInterfaceOrientationPortraitUpsideDown";
				INFOPLIST_KEY_WKApplication = YES;
				INFOPLIST_KEY_WKCompanionAppBundleIdentifier = com.streamlinelabs.preread;
				MARKETING_VERSION = 1.0;
				PRODUCT_BUNDLE_IDENTIFIER = com.streamlinelabs.preread.watchkitapp;
				PRODUCT_NAME = "$(TARGET_NAME)";
				SDKROOT = watchos;
				SKIP_INSTALL = YES;
				SWIFT_EMIT_LOC_STRINGS = YES;
				SWIFT_VERSION = 5.0;
				TARGETED_DEVICE_FAMILY = 4;
				WATCHOS_DEPLOYMENT_TARGET = 11.0;
			};
			name = Debug;
		};
		A1AA00072F70000000000001 /* Release */ = {
			isa = XCBuildConfiguration;
			buildSettings = {
				ASSETCATALOG_COMPILER_APPICON_NAME = AppIcon;
				ASSETCATALOG_COMPILER_GLOBAL_ACCENT_COLOR_NAME = AccentColor;
				CODE_SIGN_ENTITLEMENTS = PrereadWatch/PrereadWatch.entitlements;
				CODE_SIGN_STYLE = Automatic;
				CURRENT_PROJECT_VERSION = 1;
				DEVELOPMENT_TEAM = 2SH6ZS5455;
				ENABLE_PREVIEWS = YES;
				GENERATE_INFOPLIST_FILE = YES;
				INFOPLIST_KEY_CFBundleDisplayName = Preread;
				INFOPLIST_KEY_UISupportedInterfaceOrientations = "UIInterfaceOrientationPortrait UIInterfaceOrientationPortraitUpsideDown";
				INFOPLIST_KEY_WKApplication = YES;
				INFOPLIST_KEY_WKCompanionAppBundleIdentifier = com.streamlinelabs.preread;
				MARKETING_VERSION = 1.0;
				PRODUCT_BUNDLE_IDENTIFIER = com.streamlinelabs.preread.watchkitapp;
				PRODUCT_NAME = "$(TARGET_NAME)";
				SDKROOT = watchos;
				SKIP_INSTALL = YES;
				SWIFT_EMIT_LOC_STRINGS = YES;
				SWIFT_VERSION = 5.0;
				TARGETED_DEVICE_FAMILY = 4;
				WATCHOS_DEPLOYMENT_TARGET = 11.0;
			};
			name = Release;
		};
		B1BB00062F70000000000001 /* Debug */ = {
			isa = XCBuildConfiguration;
			buildSettings = {
				ASSETCATALOG_COMPILER_GLOBAL_ACCENT_COLOR_NAME = AccentColor;
				ASSETCATALOG_COMPILER_WIDGET_BACKGROUND_COLOR_NAME = WidgetBackground;
				CODE_SIGN_ENTITLEMENTS = PrereadWatchWidget/PrereadWatchWidget.entitlements;
				CODE_SIGN_STYLE = Automatic;
				CURRENT_PROJECT_VERSION = 1;
				DEVELOPMENT_TEAM = 2SH6ZS5455;
				GENERATE_INFOPLIST_FILE = YES;
				INFOPLIST_FILE = PrereadWatchWidget/Info.plist;
				INFOPLIST_KEY_CFBundleDisplayName = PrereadWatchWidget;
				INFOPLIST_KEY_NSHumanReadableCopyright = "";
				MARKETING_VERSION = 1.0;
				PRODUCT_BUNDLE_IDENTIFIER = com.streamlinelabs.preread.watchkitapp.widget;
				PRODUCT_NAME = "$(TARGET_NAME)";
				SDKROOT = watchos;
				SKIP_INSTALL = YES;
				SWIFT_EMIT_LOC_STRINGS = YES;
				SWIFT_VERSION = 5.0;
				TARGETED_DEVICE_FAMILY = 4;
				WATCHOS_DEPLOYMENT_TARGET = 11.0;
			};
			name = Debug;
		};
		B1BB00072F70000000000001 /* Release */ = {
			isa = XCBuildConfiguration;
			buildSettings = {
				ASSETCATALOG_COMPILER_GLOBAL_ACCENT_COLOR_NAME = AccentColor;
				ASSETCATALOG_COMPILER_WIDGET_BACKGROUND_COLOR_NAME = WidgetBackground;
				CODE_SIGN_ENTITLEMENTS = PrereadWatchWidget/PrereadWatchWidget.entitlements;
				CODE_SIGN_STYLE = Automatic;
				CURRENT_PROJECT_VERSION = 1;
				DEVELOPMENT_TEAM = 2SH6ZS5455;
				GENERATE_INFOPLIST_FILE = YES;
				INFOPLIST_FILE = PrereadWatchWidget/Info.plist;
				INFOPLIST_KEY_CFBundleDisplayName = PrereadWatchWidget;
				INFOPLIST_KEY_NSHumanReadableCopyright = "";
				MARKETING_VERSION = 1.0;
				PRODUCT_BUNDLE_IDENTIFIER = com.streamlinelabs.preread.watchkitapp.widget;
				PRODUCT_NAME = "$(TARGET_NAME)";
				SDKROOT = watchos;
				SKIP_INSTALL = YES;
				SWIFT_EMIT_LOC_STRINGS = YES;
				SWIFT_VERSION = 5.0;
				TARGETED_DEVICE_FAMILY = 4;
				WATCHOS_DEPLOYMENT_TARGET = 11.0;
			};
			name = Release;
		};
		C50BA2D22F5F951900596161 /* Debug */ = {
			isa = XCBuildConfiguration;
			buildSettings = {
				CODE_SIGN_STYLE = Automatic;
				CURRENT_PROJECT_VERSION = 1;
				DEVELOPMENT_TEAM = 2SH6ZS5455;
				GENERATE_INFOPLIST_FILE = YES;
				INFOPLIST_FILE = PrereadShareExtension/Info.plist;
				INFOPLIST_KEY_CFBundleDisplayName = PrereadShareExtension;
				INFOPLIST_KEY_NSHumanReadableCopyright = "";
				IPHONEOS_DEPLOYMENT_TARGET = 17.0;
				LD_RUNPATH_SEARCH_PATHS = (
					"$(inherited)",
					"@executable_path/Frameworks",
					"@executable_path/../../Frameworks",
				);
				MARKETING_VERSION = 1.0;
				PRODUCT_BUNDLE_IDENTIFIER = com.streamlinelabs.preread.PrereadShareExtension;
				PRODUCT_NAME = "$(TARGET_NAME)";
				SKIP_INSTALL = YES;
				STRING_CATALOG_GENERATE_SYMBOLS = YES;
				SWIFT_APPROACHABLE_CONCURRENCY = YES;
				SWIFT_EMIT_LOC_STRINGS = YES;
				SWIFT_UPCOMING_FEATURE_MEMBER_IMPORT_VISIBILITY = YES;
				SWIFT_VERSION = 5.0;
				TARGETED_DEVICE_FAMILY = "1,2";
			};
			name = Debug;
		};
		C50BA2D32F5F951900596161 /* Release */ = {
			isa = XCBuildConfiguration;
			buildSettings = {
				CODE_SIGN_STYLE = Automatic;
				CURRENT_PROJECT_VERSION = 1;
				DEVELOPMENT_TEAM = 2SH6ZS5455;
				GENERATE_INFOPLIST_FILE = YES;
				INFOPLIST_FILE = PrereadShareExtension/Info.plist;
				INFOPLIST_KEY_CFBundleDisplayName = PrereadShareExtension;
				INFOPLIST_KEY_NSHumanReadableCopyright = "";
				IPHONEOS_DEPLOYMENT_TARGET = 17.0;
				LD_RUNPATH_SEARCH_PATHS = (
					"$(inherited)",
					"@executable_path/Frameworks",
					"@executable_path/../../Frameworks",
				);
				MARKETING_VERSION = 1.0;
				PRODUCT_BUNDLE_IDENTIFIER = com.streamlinelabs.preread.PrereadShareExtension;
				PRODUCT_NAME = "$(TARGET_NAME)";
				SKIP_INSTALL = YES;
				STRING_CATALOG_GENERATE_SYMBOLS = YES;
				SWIFT_APPROACHABLE_CONCURRENCY = YES;
				SWIFT_EMIT_LOC_STRINGS = YES;
				SWIFT_UPCOMING_FEATURE_MEMBER_IMPORT_VISIBILITY = YES;
				SWIFT_VERSION = 5.0;
				TARGETED_DEVICE_FAMILY = "1,2";
			};
			name = Release;
		};
		C5609DD42F6100AB002BCE25 /* Debug */ = {
			isa = XCBuildConfiguration;
			buildSettings = {
				ASSETCATALOG_COMPILER_GLOBAL_ACCENT_COLOR_NAME = AccentColor;
				ASSETCATALOG_COMPILER_WIDGET_BACKGROUND_COLOR_NAME = WidgetBackground;
				CODE_SIGN_ENTITLEMENTS = PrereadWidgetExtension.entitlements;
				CODE_SIGN_STYLE = Automatic;
				CURRENT_PROJECT_VERSION = 1;
				DEVELOPMENT_TEAM = 2SH6ZS5455;
				GENERATE_INFOPLIST_FILE = YES;
				INFOPLIST_FILE = PrereadWidget/Info.plist;
				INFOPLIST_KEY_CFBundleDisplayName = PrereadWidget;
				INFOPLIST_KEY_NSHumanReadableCopyright = "";
				IPHONEOS_DEPLOYMENT_TARGET = 17.0;
				LD_RUNPATH_SEARCH_PATHS = (
					"$(inherited)",
					"@executable_path/Frameworks",
					"@executable_path/../../Frameworks",
				);
				MARKETING_VERSION = 1.0;
				PRODUCT_BUNDLE_IDENTIFIER = com.streamlinelabs.preread.PrereadWidget;
				PRODUCT_NAME = "$(TARGET_NAME)";
				SKIP_INSTALL = YES;
				STRING_CATALOG_GENERATE_SYMBOLS = YES;
				SWIFT_APPROACHABLE_CONCURRENCY = YES;
				SWIFT_EMIT_LOC_STRINGS = YES;
				SWIFT_UPCOMING_FEATURE_MEMBER_IMPORT_VISIBILITY = YES;
				SWIFT_VERSION = 5.0;
				TARGETED_DEVICE_FAMILY = "1,2";
			};
			name = Debug;
		};
		C5609DD52F6100AB002BCE25 /* Release */ = {
			isa = XCBuildConfiguration;
			buildSettings = {
				ASSETCATALOG_COMPILER_GLOBAL_ACCENT_COLOR_NAME = AccentColor;
				ASSETCATALOG_COMPILER_WIDGET_BACKGROUND_COLOR_NAME = WidgetBackground;
				CODE_SIGN_ENTITLEMENTS = PrereadWidgetExtension.entitlements;
				CODE_SIGN_STYLE = Automatic;
				CURRENT_PROJECT_VERSION = 1;
				DEVELOPMENT_TEAM = 2SH6ZS5455;
				GENERATE_INFOPLIST_FILE = YES;
				INFOPLIST_FILE = PrereadWidget/Info.plist;
				INFOPLIST_KEY_CFBundleDisplayName = PrereadWidget;
				INFOPLIST_KEY_NSHumanReadableCopyright = "";
				IPHONEOS_DEPLOYMENT_TARGET = 17.0;
				LD_RUNPATH_SEARCH_PATHS = (
					"$(inherited)",
					"@executable_path/Frameworks",
					"@executable_path/../../Frameworks",
				);
				MARKETING_VERSION = 1.0;
				PRODUCT_BUNDLE_IDENTIFIER = com.streamlinelabs.preread.PrereadWidget;
				PRODUCT_NAME = "$(TARGET_NAME)";
				SKIP_INSTALL = YES;
				STRING_CATALOG_GENERATE_SYMBOLS = YES;
				SWIFT_APPROACHABLE_CONCURRENCY = YES;
				SWIFT_EMIT_LOC_STRINGS = YES;
				SWIFT_UPCOMING_FEATURE_MEMBER_IMPORT_VISIBILITY = YES;
				SWIFT_VERSION = 5.0;
				TARGETED_DEVICE_FAMILY = "1,2";
			};
			name = Release;
		};
		C57375162F5B093F00D2C20D /* Debug */ = {
			isa = XCBuildConfiguration;
			buildSettings = {
				ALWAYS_SEARCH_USER_PATHS = NO;
				ASSETCATALOG_COMPILER_GENERATE_SWIFT_ASSET_SYMBOL_EXTENSIONS = YES;
				CLANG_ANALYZER_NONNULL = YES;
				CLANG_ANALYZER_NUMBER_OBJECT_CONVERSION = YES_AGGRESSIVE;
				CLANG_CXX_LANGUAGE_STANDARD = "gnu++20";
				CLANG_ENABLE_MODULES = YES;
				CLANG_ENABLE_OBJC_ARC = YES;
				CLANG_ENABLE_OBJC_WEAK = YES;
				CLANG_WARN_BLOCK_CAPTURE_AUTORELEASING = YES;
				CLANG_WARN_BOOL_CONVERSION = YES;
				CLANG_WARN_COMMA = YES;
				CLANG_WARN_CONSTANT_CONVERSION = YES;
				CLANG_WARN_DEPRECATED_OBJC_IMPLEMENTATIONS = YES;
				CLANG_WARN_DIRECT_OBJC_ISA_USAGE = YES_ERROR;
				CLANG_WARN_DOCUMENTATION_COMMENTS = YES;
				CLANG_WARN_EMPTY_BODY = YES;
				CLANG_WARN_ENUM_CONVERSION = YES;
				CLANG_WARN_INFINITE_RECURSION = YES;
				CLANG_WARN_INT_CONVERSION = YES;
				CLANG_WARN_NON_LITERAL_NULL_CONVERSION = YES;
				CLANG_WARN_OBJC_IMPLICIT_RETAIN_SELF = YES;
				CLANG_WARN_OBJC_LITERAL_CONVERSION = YES;
				CLANG_WARN_OBJC_ROOT_CLASS = YES_ERROR;
				CLANG_WARN_QUOTED_INCLUDE_IN_FRAMEWORK_HEADER = YES;
				CLANG_WARN_RANGE_LOOP_ANALYSIS = YES;
				CLANG_WARN_STRICT_PROTOTYPES = YES;
				CLANG_WARN_SUSPICIOUS_MOVE = YES;
				CLANG_WARN_UNGUARDED_AVAILABILITY = YES_AGGRESSIVE;
				CLANG_WARN_UNREACHABLE_CODE = YES;
				CLANG_WARN__DUPLICATE_METHOD_MATCH = YES;
				COPY_PHASE_STRIP = NO;
				DEBUG_INFORMATION_FORMAT = dwarf;
				DEVELOPMENT_TEAM = 2SH6ZS5455;
				ENABLE_STRICT_OBJC_MSGSEND = YES;
				ENABLE_TESTABILITY = YES;
				ENABLE_USER_SCRIPT_SANDBOXING = YES;
				GCC_C_LANGUAGE_STANDARD = gnu17;
				GCC_DYNAMIC_NO_PIC = NO;
				GCC_NO_COMMON_BLOCKS = YES;
				GCC_OPTIMIZATION_LEVEL = 0;
				GCC_PREPROCESSOR_DEFINITIONS = (
					"DEBUG=1",
					"$(inherited)",
				);
				GCC_WARN_64_TO_32_BIT_CONVERSION = YES;
				GCC_WARN_ABOUT_RETURN_TYPE = YES_ERROR;
				GCC_WARN_UNDECLARED_SELECTOR = YES;
				GCC_WARN_UNINITIALIZED_AUTOS = YES_AGGRESSIVE;
				GCC_WARN_UNUSED_FUNCTION = YES;
				GCC_WARN_UNUSED_VARIABLE = YES;
				IPHONEOS_DEPLOYMENT_TARGET = 17.0;
				LOCALIZATION_PREFERS_STRING_CATALOGS = YES;
				MTL_ENABLE_DEBUG_INFO = INCLUDE_SOURCE;
				MTL_FAST_MATH = YES;
				ONLY_ACTIVE_ARCH = YES;
				SDKROOT = iphoneos;
				SWIFT_ACTIVE_COMPILATION_CONDITIONS = "DEBUG $(inherited)";
				SWIFT_OPTIMIZATION_LEVEL = "-Onone";
			};
			name = Debug;
		};
		C57375172F5B093F00D2C20D /* Release */ = {
			isa = XCBuildConfiguration;
			buildSettings = {
				ALWAYS_SEARCH_USER_PATHS = NO;
				ASSETCATALOG_COMPILER_GENERATE_SWIFT_ASSET_SYMBOL_EXTENSIONS = YES;
				CLANG_ANALYZER_NONNULL = YES;
				CLANG_ANALYZER_NUMBER_OBJECT_CONVERSION = YES_AGGRESSIVE;
				CLANG_CXX_LANGUAGE_STANDARD = "gnu++20";
				CLANG_ENABLE_MODULES = YES;
				CLANG_ENABLE_OBJC_ARC = YES;
				CLANG_ENABLE_OBJC_WEAK = YES;
				CLANG_WARN_BLOCK_CAPTURE_AUTORELEASING = YES;
				CLANG_WARN_BOOL_CONVERSION = YES;
				CLANG_WARN_COMMA = YES;
				CLANG_WARN_CONSTANT_CONVERSION = YES;
				CLANG_WARN_DEPRECATED_OBJC_IMPLEMENTATIONS = YES;
				CLANG_WARN_DIRECT_OBJC_ISA_USAGE = YES_ERROR;
				CLANG_WARN_DOCUMENTATION_COMMENTS = YES;
				CLANG_WARN_EMPTY_BODY = YES;
				CLANG_WARN_ENUM_CONVERSION = YES;
				CLANG_WARN_INFINITE_RECURSION = YES;
				CLANG_WARN_INT_CONVERSION = YES;
				CLANG_WARN_NON_LITERAL_NULL_CONVERSION = YES;
				CLANG_WARN_OBJC_IMPLICIT_RETAIN_SELF = YES;
				CLANG_WARN_OBJC_LITERAL_CONVERSION = YES;
				CLANG_WARN_OBJC_ROOT_CLASS = YES_ERROR;
				CLANG_WARN_QUOTED_INCLUDE_IN_FRAMEWORK_HEADER = YES;
				CLANG_WARN_RANGE_LOOP_ANALYSIS = YES;
				CLANG_WARN_STRICT_PROTOTYPES = YES;
				CLANG_WARN_SUSPICIOUS_MOVE = YES;
				CLANG_WARN_UNGUARDED_AVAILABILITY = YES_AGGRESSIVE;
				CLANG_WARN_UNREACHABLE_CODE = YES;
				CLANG_WARN__DUPLICATE_METHOD_MATCH = YES;
				COPY_PHASE_STRIP = NO;
				DEBUG_INFORMATION_FORMAT = "dwarf-with-dsym";
				DEVELOPMENT_TEAM = 2SH6ZS5455;
				ENABLE_NS_ASSERTIONS = NO;
				ENABLE_STRICT_OBJC_MSGSEND = YES;
				ENABLE_USER_SCRIPT_SANDBOXING = YES;
				GCC_C_LANGUAGE_STANDARD = gnu17;
				GCC_NO_COMMON_BLOCKS = YES;
				GCC_WARN_64_TO_32_BIT_CONVERSION = YES;
				GCC_WARN_ABOUT_RETURN_TYPE = YES_ERROR;
				GCC_WARN_UNDECLARED_SELECTOR = YES;
				GCC_WARN_UNINITIALIZED_AUTOS = YES_AGGRESSIVE;
				GCC_WARN_UNUSED_FUNCTION = YES;
				GCC_WARN_UNUSED_VARIABLE = YES;
				IPHONEOS_DEPLOYMENT_TARGET = 17.0;
				LOCALIZATION_PREFERS_STRING_CATALOGS = YES;
				MTL_ENABLE_DEBUG_INFO = NO;
				MTL_FAST_MATH = YES;
				SDKROOT = iphoneos;
				SWIFT_COMPILATION_MODE = wholemodule;
				VALIDATE_PRODUCT = YES;
			};
			name = Release;
		};
		C57375192F5B093F00D2C20D /* Debug */ = {
			isa = XCBuildConfiguration;
			buildSettings = {
				ASSETCATALOG_COMPILER_APPICON_NAME = AppIcon;
				ASSETCATALOG_COMPILER_GLOBAL_ACCENT_COLOR_NAME = AccentColor;
				CODE_SIGN_ENTITLEMENTS = Preread/Preread.entitlements;
				CODE_SIGN_STYLE = Automatic;
				CURRENT_PROJECT_VERSION = 1;
				DEVELOPMENT_TEAM = 2SH6ZS5455;
				ENABLE_PREVIEWS = YES;
				GENERATE_INFOPLIST_FILE = YES;
				INFOPLIST_FILE = Info.plist;
				INFOPLIST_KEY_LSApplicationCategoryType = "public.app-category.utilities";
				INFOPLIST_KEY_UIApplicationSceneManifest_Generation = YES;
				INFOPLIST_KEY_UIApplicationSupportsIndirectInputEvents = YES;
				INFOPLIST_KEY_UISupportedInterfaceOrientations_iPad = "UIInterfaceOrientationPortrait UIInterfaceOrientationLandscapeLeft UIInterfaceOrientationLandscapeRight";
				INFOPLIST_KEY_UISupportedInterfaceOrientations_iPhone = UIInterfaceOrientationPortrait;
				IPHONEOS_DEPLOYMENT_TARGET = 17.0;
				LD_RUNPATH_SEARCH_PATHS = (
					"$(inherited)",
					"@executable_path/Frameworks",
				);
				MARKETING_VERSION = 1.0;
				PRODUCT_BUNDLE_IDENTIFIER = com.streamlinelabs.preread;
				PRODUCT_NAME = "$(TARGET_NAME)";
				SWIFT_EMIT_LOC_STRINGS = YES;
				SWIFT_VERSION = 5.0;
				TARGETED_DEVICE_FAMILY = "1,2";
			};
			name = Debug;
		};
		C573751A2F5B093F00D2C20D /* Release */ = {
			isa = XCBuildConfiguration;
			buildSettings = {
				ASSETCATALOG_COMPILER_APPICON_NAME = AppIcon;
				ASSETCATALOG_COMPILER_GLOBAL_ACCENT_COLOR_NAME = AccentColor;
				CODE_SIGN_ENTITLEMENTS = Preread/Preread.entitlements;
				CODE_SIGN_STYLE = Automatic;
				CURRENT_PROJECT_VERSION = 1;
				DEVELOPMENT_TEAM = 2SH6ZS5455;
				ENABLE_PREVIEWS = YES;
				GENERATE_INFOPLIST_FILE = YES;
				INFOPLIST_FILE = Info.plist;
				INFOPLIST_KEY_LSApplicationCategoryType = "public.app-category.utilities";
				INFOPLIST_KEY_UIApplicationSceneManifest_Generation = YES;
				INFOPLIST_KEY_UIApplicationSupportsIndirectInputEvents = YES;
				INFOPLIST_KEY_UISupportedInterfaceOrientations_iPad = "UIInterfaceOrientationPortrait UIInterfaceOrientationLandscapeLeft UIInterfaceOrientationLandscapeRight";
				INFOPLIST_KEY_UISupportedInterfaceOrientations_iPhone = UIInterfaceOrientationPortrait;
				IPHONEOS_DEPLOYMENT_TARGET = 17.0;
				LD_RUNPATH_SEARCH_PATHS = (
					"$(inherited)",
					"@executable_path/Frameworks",
				);
				MARKETING_VERSION = 1.0;
				PRODUCT_BUNDLE_IDENTIFIER = com.streamlinelabs.preread;
				PRODUCT_NAME = "$(TARGET_NAME)";
				SWIFT_EMIT_LOC_STRINGS = YES;
				SWIFT_VERSION = 5.0;
				TARGETED_DEVICE_FAMILY = "1,2";
			};
			name = Release;
		};
		C573751C2F5B093F00D2C20D /* Debug */ = {
			isa = XCBuildConfiguration;
			buildSettings = {
				BUNDLE_LOADER = "$(TEST_HOST)";
				CODE_SIGN_STYLE = Automatic;
				CURRENT_PROJECT_VERSION = 1;
				DEVELOPMENT_TEAM = 2SH6ZS5455;
				GENERATE_INFOPLIST_FILE = YES;
				IPHONEOS_DEPLOYMENT_TARGET = 17.0;
				MARKETING_VERSION = 1.0;
				PRODUCT_BUNDLE_IDENTIFIER = app.PrereadTests;
				PRODUCT_NAME = "$(TARGET_NAME)";
				SWIFT_EMIT_LOC_STRINGS = NO;
				SWIFT_VERSION = 5.0;
				TARGETED_DEVICE_FAMILY = "1,2";
				TEST_HOST = "$(BUILT_PRODUCTS_DIR)/Preread.app/$(BUNDLE_EXECUTABLE_FOLDER_PATH)/Preread";
			};
			name = Debug;
		};
		C573751D2F5B093F00D2C20D /* Release */ = {
			isa = XCBuildConfiguration;
			buildSettings = {
				BUNDLE_LOADER = "$(TEST_HOST)";
				CODE_SIGN_STYLE = Automatic;
				CURRENT_PROJECT_VERSION = 1;
				DEVELOPMENT_TEAM = 2SH6ZS5455;
				GENERATE_INFOPLIST_FILE = YES;
				IPHONEOS_DEPLOYMENT_TARGET = 17.0;
				MARKETING_VERSION = 1.0;
				PRODUCT_BUNDLE_IDENTIFIER = app.PrereadTests;
				PRODUCT_NAME = "$(TARGET_NAME)";
				SWIFT_EMIT_LOC_STRINGS = NO;
				SWIFT_VERSION = 5.0;
				TARGETED_DEVICE_FAMILY = "1,2";
				TEST_HOST = "$(BUILT_PRODUCTS_DIR)/Preread.app/$(BUNDLE_EXECUTABLE_FOLDER_PATH)/Preread";
			};
			name = Release;
		};
		C573751F2F5B093F00D2C20D /* Debug */ = {
			isa = XCBuildConfiguration;
			buildSettings = {
				CODE_SIGN_STYLE = Automatic;
				CURRENT_PROJECT_VERSION = 1;
				DEVELOPMENT_TEAM = 2SH6ZS5455;
				GENERATE_INFOPLIST_FILE = YES;
				MARKETING_VERSION = 1.0;
				PRODUCT_BUNDLE_IDENTIFIER = app.PrereadUITests;
				PRODUCT_NAME = "$(TARGET_NAME)";
				SWIFT_EMIT_LOC_STRINGS = NO;
				SWIFT_VERSION = 5.0;
				TARGETED_DEVICE_FAMILY = "1,2";
				TEST_TARGET_NAME = Preread;
			};
			name = Debug;
		};
		C57375202F5B093F00D2C20D /* Release */ = {
			isa = XCBuildConfiguration;
			buildSettings = {
				CODE_SIGN_STYLE = Automatic;
				CURRENT_PROJECT_VERSION = 1;
				DEVELOPMENT_TEAM = 2SH6ZS5455;
				GENERATE_INFOPLIST_FILE = YES;
				MARKETING_VERSION = 1.0;
				PRODUCT_BUNDLE_IDENTIFIER = app.PrereadUITests;
				PRODUCT_NAME = "$(TARGET_NAME)";
				SWIFT_EMIT_LOC_STRINGS = NO;
				SWIFT_VERSION = 5.0;
				TARGETED_DEVICE_FAMILY = "1,2";
				TEST_TARGET_NAME = Preread;
			};
			name = Release;
		};
/* End XCBuildConfiguration section */

/* Begin XCConfigurationList section */
		A1AA00082F70000000000001 /* Build configuration list for PBXNativeTarget "PrereadWatch" */ = {
			isa = XCConfigurationList;
			buildConfigurations = (
				A1AA00062F70000000000001 /* Debug */,
				A1AA00072F70000000000001 /* Release */,
			);
			defaultConfigurationIsVisible = 0;
			defaultConfigurationName = Release;
		};
		B1BB00082F70000000000001 /* Build configuration list for PBXNativeTarget "PrereadWatchWidget" */ = {
			isa = XCConfigurationList;
			buildConfigurations = (
				B1BB00062F70000000000001 /* Debug */,
				B1BB00072F70000000000001 /* Release */,
			);
			defaultConfigurationIsVisible = 0;
			defaultConfigurationName = Release;
		};
		C50BA2D52F5F951900596161 /* Build configuration list for PBXNativeTarget "PrereadShareExtension" */ = {
			isa = XCConfigurationList;
			buildConfigurations = (
				C50BA2D22F5F951900596161 /* Debug */,
				C50BA2D32F5F951900596161 /* Release */,
			);
			defaultConfigurationIsVisible = 0;
			defaultConfigurationName = Release;
		};
		C5609DD32F6100AB002BCE25 /* Build configuration list for PBXNativeTarget "PrereadWidgetExtension" */ = {
			isa = XCConfigurationList;
			buildConfigurations = (
				C5609DD42F6100AB002BCE25 /* Debug */,
				C5609DD52F6100AB002BCE25 /* Release */,
			);
			defaultConfigurationIsVisible = 0;
			defaultConfigurationName = Release;
		};
		C57374F22F5B093E00D2C20D /* Build configuration list for PBXProject "Preread" */ = {
			isa = XCConfigurationList;
			buildConfigurations = (
				C57375162F5B093F00D2C20D /* Debug */,
				C57375172F5B093F00D2C20D /* Release */,
			);
			defaultConfigurationIsVisible = 0;
			defaultConfigurationName = Release;
		};
		C57375182F5B093F00D2C20D /* Build configuration list for PBXNativeTarget "Preread" */ = {
			isa = XCConfigurationList;
			buildConfigurations = (
				C57375192F5B093F00D2C20D /* Debug */,
				C573751A2F5B093F00D2C20D /* Release */,
			);
			defaultConfigurationIsVisible = 0;
			defaultConfigurationName = Release;
		};
		C573751B2F5B093F00D2C20D /* Build configuration list for PBXNativeTarget "PrereadTests" */ = {
			isa = XCConfigurationList;
			buildConfigurations = (
				C573751C2F5B093F00D2C20D /* Debug */,
				C573751D2F5B093F00D2C20D /* Release */,
			);
			defaultConfigurationIsVisible = 0;
			defaultConfigurationName = Release;
		};
		C573751E2F5B093F00D2C20D /* Build configuration list for PBXNativeTarget "PrereadUITests" */ = {
			isa = XCConfigurationList;
			buildConfigurations = (
				C573751F2F5B093F00D2C20D /* Debug */,
				C57375202F5B093F00D2C20D /* Release */,
			);
			defaultConfigurationIsVisible = 0;
			defaultConfigurationName = Release;
		};
/* End XCConfigurationList section */

/* Begin XCRemoteSwiftPackageReference section */
		C57375212F5B0A0000D2C20D /* XCRemoteSwiftPackageReference "SwiftSoup" */ = {
			isa = XCRemoteSwiftPackageReference;
			repositoryURL = "https://github.com/scinfu/SwiftSoup";
			requirement = {
				kind = exactVersion;
				version = 2.11.3;
			};
		};
		C57375222F5B0A0000D2C20D /* XCRemoteSwiftPackageReference "GRDB" */ = {
			isa = XCRemoteSwiftPackageReference;
			repositoryURL = "https://github.com/groue/GRDB.swift";
			requirement = {
				kind = upToNextMajorVersion;
				minimumVersion = 7.0.0;
			};
		};
		C57375262F5B0A0000D2C20D /* XCRemoteSwiftPackageReference "swift-readability" */ = {
			isa = XCRemoteSwiftPackageReference;
			repositoryURL = "https://github.com/lake-of-fire/swift-readability";
			requirement = {
				branch = main;
				kind = branch;
			};
		};
/* End XCRemoteSwiftPackageReference section */

/* Begin XCSwiftPackageProductDependency section */
		C5609DD72F610190002BCE25 /* GRDB */ = {
			isa = XCSwiftPackageProductDependency;
			package = C57375222F5B0A0000D2C20D /* XCRemoteSwiftPackageReference "GRDB" */;
			productName = GRDB;
		};
		C57375232F5B0A0000D2C20D /* SwiftSoup */ = {
			isa = XCSwiftPackageProductDependency;
			package = C57375212F5B0A0000D2C20D /* XCRemoteSwiftPackageReference "SwiftSoup" */;
			productName = SwiftSoup;
		};
		C57375242F5B0A0000D2C20D /* GRDB */ = {
			isa = XCSwiftPackageProductDependency;
			package = C57375222F5B0A0000D2C20D /* XCRemoteSwiftPackageReference "GRDB" */;
			productName = GRDB;
		};
		C57375252F5B0A0000D2C20D /* SwiftReadability */ = {
			isa = XCSwiftPackageProductDependency;
			package = C57375262F5B0A0000D2C20D /* XCRemoteSwiftPackageReference "swift-readability" */;
			productName = SwiftReadability;
		};
/* End XCSwiftPackageProductDependency section */
	};
	rootObject = C57374EF2F5B093E00D2C20D /* Project object */;
}
